
Microsoft Visual Studio Solution File, Format Version 12.00
# Visual Studio 15
VisualStudioVersion = 15.0.27130.2010
MinimumVisualStudioVersion = 10.0.40219.1
Project("{2150E333-8FDC-42A3-9474-1A3956D46DE8}") = "Shared", "Shared", "{E8B5C49C-AE26-426B-96E6-5FBF4F53EDE1}"
EndProject
Project("{2150E333-8FDC-42A3-9474-1A3956D46DE8}") = "Network", "Network", "{56BC197E-3FD3-4101-96AC-8AAF8CFC6338}"
EndProject
Project("{8BC9CEB8-8B4A-11D0-8D11-00A0C91BC942}") = "CRC32", "Libraries\CRC32\CRC32.vcxproj", "{18EA776C-B85E-4523-95C0-B2E1828C4764}"
EndProject
Project("{2150E333-8FDC-42A3-9474-1A3956D46DE8}") = "Types", "Types", "{44CB076C-52AC-4737-934A-63AAC111C5EE}"
	ProjectSection(SolutionItems) = preProject
		Shared\shared_standard_types.h = Shared\shared_standard_types.h
	EndProjectSection
EndProject
Project("{2150E333-8FDC-42A3-9474-1A3956D46DE8}") = "Defines", "Defines", "{CAA9E641-9948-44C1-973E-4E0B291E9680}"
	ProjectSection(SolutionItems) = preProject
		Shared\server_interface_define.h = Shared\server_interface_define.h
		Shared\shared_define.h = Shared\shared_define.h
		Shared\shared_server_define.h = Shared\shared_server_define.h
	EndProjectSection
EndProject
Project("{2150E333-8FDC-42A3-9474-1A3956D46DE8}") = "Json", "Json", "{D3C2F055-2F75-4EDA-8813-CF9F7F873890}"
	ProjectSection(SolutionItems) = preProject
		Shared\shared_json.h = Shared\shared_json.h
	EndProjectSection
EndProject
Project("{2150E333-8FDC-42A3-9474-1A3956D46DE8}") = "Protocols", "Protocols", "{063E1FC0-110E-4806-9A8A-82845C9A0EE4}"
	ProjectSection(SolutionItems) = preProject
		Shared\cltocs_protocol.h = Shared\cltocs_protocol.h
		Shared\cltogs_protocol.h = Shared\cltogs_protocol.h
		Shared\shared_protocol.h = Shared\shared_protocol.h
	EndProjectSection
EndProject
Project("{2150E333-8FDC-42A3-9474-1A3956D46DE8}") = "Encryption", "Encryption", "{196FC0EC-EAE9-45EA-899C-17A7F3F229CE}"
	ProjectSection(SolutionItems) = preProject
		Shared\shared_encryption.h = Shared\shared_encryption.h
	EndProjectSection
EndProject
Project("{8BC9CEB8-8B4A-11D0-8D11-00A0C91BC942}") = "CommonLib", "CommonLib\CommonLib.vcxproj", "{DA6A5601-1370-40CB-A98F-87FF729DC35B}"
EndProject
Project("{2150E333-8FDC-42A3-9474-1A3956D46DE8}") = "Libraries", "Libraries", "{3F358E68-EC00-4F49-8CD7-DE87B440DFB9}"
EndProject
Project("{2150E333-8FDC-42A3-9474-1A3956D46DE8}") = "Network", "Network", "{6D0D5590-0B1F-450B-AC50-5EE91A186262}"
EndProject
Project("{2150E333-8FDC-42A3-9474-1A3956D46DE8}") = "Database", "Database", "{09C78D98-A0A0-4400-8F65-CC08A8259A48}"
EndProject
Project("{2150E333-8FDC-42A3-9474-1A3956D46DE8}") = "Shared", "Shared", "{95662FD9-D521-4488-A9E8-674F3E79F19D}"
EndProject
Project("{2150E333-8FDC-42A3-9474-1A3956D46DE8}") = "Common", "Common", "{B7F96597-0882-4B12-A37E-AD4AC0054E37}"
EndProject
Project("{2150E333-8FDC-42A3-9474-1A3956D46DE8}") = "Hash", "Hash", "{E5CC1EFA-EC81-4B6E-99BB-088A8B90AC25}"
EndProject
Project("{8BC9CEB8-8B4A-11D0-8D11-00A0C91BC942}") = "Elion", "Elion\Elion.vcxproj", "{05154A89-A442-4BF0-9609-1EF2B52C6AF4}"
	ProjectSection(ProjectDependencies) = postProject
		{DA6A5601-1370-40CB-A98F-87FF729DC35B} = {DA6A5601-1370-40CB-A98F-87FF729DC35B}
		{9DC12B0D-9636-416A-B758-97871750CF72} = {9DC12B0D-9636-416A-B758-97871750CF72}
		{18EA776C-B85E-4523-95C0-B2E1828C4764} = {18EA776C-B85E-4523-95C0-B2E1828C4764}
		{95961CA0-05EC-4154-95BC-F6089273EFE7} = {95961CA0-05EC-4154-95BC-F6089273EFE7}
		{3D5521AF-2D49-4267-89C4-B28550497F19} = {3D5521AF-2D49-4267-89C4-B28550497F19}
		{74937FE5-1D5C-46B1-B1CC-3F02F7A6FA03} = {74937FE5-1D5C-46B1-B1CC-3F02F7A6FA03}
	EndProjectSection
EndProject
Project("{2150E333-8FDC-42A3-9474-1A3956D46DE8}") = "Client", "Client", "{9039C4EB-0F63-4371-BF82-F4F4AC302270}"
EndProject
Project("{2150E333-8FDC-42A3-9474-1A3956D46DE8}") = "Tools", "Tools", "{5E393F9D-26CE-47B2-A734-90C2B8F6AB11}"
EndProject
Project("{2150E333-8FDC-42A3-9474-1A3956D46DE8}") = "Models", "Models", "{18737621-1CD6-4F11-8C2B-58DFD71F3D39}"
EndProject
Project("{8BC9CEB8-8B4A-11D0-8D11-00A0C91BC942}") = "ConvertModels", "ConvertModels\ConvertModels.vcxproj", "{5AE2E11C-2693-4359-BF3B-FD1932B2E172}"
	ProjectSection(ProjectDependencies) = postProject
		{18EA776C-B85E-4523-95C0-B2E1828C4764} = {18EA776C-B85E-4523-95C0-B2E1828C4764}
		{3D5521AF-2D49-4267-89C4-B28550497F19} = {3D5521AF-2D49-4267-89C4-B28550497F19}
		{74937FE5-1D5C-46B1-B1CC-3F02F7A6FA03} = {74937FE5-1D5C-46B1-B1CC-3F02F7A6FA03}
	EndProjectSection
EndProject
Project("{2150E333-8FDC-42A3-9474-1A3956D46DE8}") = "Crypt", "Crypt", "{8D29EF52-20B9-4EC9-942D-3114911E853C}"
EndProject
Project("{8BC9CEB8-8B4A-11D0-8D11-00A0C91BC942}") = "CryptBlowfish", "Libraries\CryptBlowfish\CryptBlowfish.vcxproj", "{3D5521AF-2D49-4267-89C4-B28550497F19}"
EndProject
Project("{8BC9CEB8-8B4A-11D0-8D11-00A0C91BC942}") = "ElionMath", "Libraries\ElionMath\ElionMath.vcxproj", "{74937FE5-1D5C-46B1-B1CC-3F02F7A6FA03}"
EndProject
Project("{2150E333-8FDC-42A3-9474-1A3956D46DE8}") = "Local", "Local", "{8267645A-3FB4-4DB8-BA05-10E3E9E39DC5}"
EndProject
Project("{8BC9CEB8-8B4A-11D0-8D11-00A0C91BC942}") = "ConvertLocal", "ConvertLocal\ConvertLocal.vcxproj", "{17BBD175-2483-4A29-A13D-9256C552BA8C}"
	ProjectSection(ProjectDependencies) = postProject
		{18EA776C-B85E-4523-95C0-B2E1828C4764} = {18EA776C-B85E-4523-95C0-B2E1828C4764}
		{3D5521AF-2D49-4267-89C4-B28550497F19} = {3D5521AF-2D49-4267-89C4-B28550497F19}
	EndProjectSection
EndProject
Project("{8BC9CEB8-8B4A-11D0-8D11-00A0C91BC942}") = "ElionNetwork", "ElionLibraries\ElionNetwork\ElionNetwork.vcxproj", "{95961CA0-05EC-4154-95BC-F6089273EFE7}"
EndProject
Project("{8BC9CEB8-8B4A-11D0-8D11-00A0C91BC942}") = "ElionDatabase", "ElionLibraries\ElionDatabase\ElionDatabase.vcxproj", "{19852DB5-2648-4A7C-8B1E-0A3CAA230DBE}"
EndProject
Project("{2150E333-8FDC-42A3-9474-1A3956D46DE8}") = "Math", "Math", "{E4541DD4-805E-4290-A1DD-58AAE386AFAD}"
EndProject
Project("{2150E333-8FDC-42A3-9474-1A3956D46DE8}") = "Client to GameServer", "Client to GameServer", "{5C360793-459F-4A99-AE85-2D5DC49695DA}"
	ProjectSection(SolutionItems) = preProject
		Shared\cltogs_chat.h = Shared\cltogs_chat.h
		Shared\cltogs_guild.h = Shared\cltogs_guild.h
		Shared\cltogs_mix.h = Shared\cltogs_mix.h
		Shared\cltogs_party.h = Shared\cltogs_party.h
		Shared\cltogs_protocol.h = Shared\cltogs_protocol.h
		Shared\cltogs_storage.h = Shared\cltogs_storage.h
		Shared\cltogs_trade.h = Shared\cltogs_trade.h
	EndProjectSection
EndProject
Project("{8BC9CEB8-8B4A-11D0-8D11-00A0C91BC942}") = "ElionLauncher", "ElionLauncher\ElionLauncher.vcxproj", "{B12702AD-ABFB-343A-A199-8E24837244A3}"
	ProjectSection(ProjectDependencies) = postProject
		{18EA776C-B85E-4523-95C0-B2E1828C4764} = {18EA776C-B85E-4523-95C0-B2E1828C4764}
	EndProjectSection
EndProject
Project("{8BC9CEB8-8B4A-11D0-8D11-00A0C91BC942}") = "GenerateItemTypesDB", "GenerateItemTypesDB\GenerateItemTypesDB.vcxproj", "{8D7EE430-72BD-4A1D-B300-1A210819FBB0}"
	ProjectSection(ProjectDependencies) = postProject
		{18EA776C-B85E-4523-95C0-B2E1828C4764} = {18EA776C-B85E-4523-95C0-B2E1828C4764}
		{3D5521AF-2D49-4267-89C4-B28550497F19} = {3D5521AF-2D49-4267-89C4-B28550497F19}
	EndProjectSection
EndProject
Project("{8BC9CEB8-8B4A-11D0-8D11-00A0C91BC942}") = "ElionBase", "ElionBase\ElionBase.vcxitems", "{A8635ED7-AD85-4223-8F02-19A1EBC97F6C}"
EndProject
Project("{2150E333-8FDC-42A3-9474-1A3956D46DE8}") = "CPUInfo", "CPUInfo", "{F18951F3-F087-4D65-9AC2-055FFDB6CDED}"
EndProject
Project("{8BC9CEB8-8B4A-11D0-8D11-00A0C91BC942}") = "CPUInfo", "CPUInfo\CPUInfo.vcxproj", "{9DC12B0D-9636-416A-B758-97871750CF72}"
EndProject
Global
	GlobalSection(SharedMSBuildProjectFiles) = preSolution
		ElionBase\ElionBase.vcxitems*{05154a89-a442-4bf0-9609-1ef2b52c6af4}*SharedItemsImports = 4
		ElionBase\ElionBase.vcxitems*{a8635ed7-ad85-4223-8f02-19a1ebc97f6c}*SharedItemsImports = 9
	EndGlobalSection
	GlobalSection(SolutionConfigurationPlatforms) = preSolution
		Debug|ARM = Debug|ARM
		Debug|ARM64 = Debug|ARM64
		Debug|x64 = Debug|x64
		Debug|x86 = Debug|x86
		DebugOptimized|ARM = DebugOptimized|ARM
		DebugOptimized|ARM64 = DebugOptimized|ARM64
		DebugOptimized|x64 = DebugOptimized|x64
		DebugOptimized|x86 = DebugOptimized|x86
		InternalDebug|ARM = InternalDebug|ARM
		InternalDebug|ARM64 = InternalDebug|ARM64
		InternalDebug|x64 = InternalDebug|x64
		InternalDebug|x86 = InternalDebug|x86
		InternalRelease|ARM = InternalRelease|ARM
		InternalRelease|ARM64 = InternalRelease|ARM64
		InternalRelease|x64 = InternalRelease|x64
		InternalRelease|x86 = InternalRelease|x86
		Release|ARM = Release|ARM
		Release|ARM64 = Release|ARM64
		Release|x64 = Release|x64
		Release|x86 = Release|x86
		Unicode Debug|ARM = Unicode Debug|ARM
		Unicode Debug|ARM64 = Unicode Debug|ARM64
		Unicode Debug|x64 = Unicode Debug|x64
		Unicode Debug|x86 = Unicode Debug|x86
		Unicode Release|ARM = Unicode Release|ARM
		Unicode Release|ARM64 = Unicode Release|ARM64
		Unicode Release|x64 = Unicode Release|x64
		Unicode Release|x86 = Unicode Release|x86
	EndGlobalSection
	GlobalSection(ProjectConfigurationPlatforms) = postSolution
		{18EA776C-B85E-4523-95C0-B2E1828C4764}.Debug|ARM.ActiveCfg = Debug|Win32
		{18EA776C-B85E-4523-95C0-B2E1828C4764}.Debug|ARM64.ActiveCfg = Debug|Win32
		{18EA776C-B85E-4523-95C0-B2E1828C4764}.Debug|x64.ActiveCfg = Debug|x64
		{18EA776C-B85E-4523-95C0-B2E1828C4764}.Debug|x64.Build.0 = Debug|x64
		{18EA776C-B85E-4523-95C0-B2E1828C4764}.Debug|x86.ActiveCfg = Debug|Win32
		{18EA776C-B85E-4523-95C0-B2E1828C4764}.Debug|x86.Build.0 = Debug|Win32
		{18EA776C-B85E-4523-95C0-B2E1828C4764}.DebugOptimized|ARM.ActiveCfg = DebugOptimized|Win32
		{18EA776C-B85E-4523-95C0-B2E1828C4764}.DebugOptimized|ARM64.ActiveCfg = DebugOptimized|Win32
		{18EA776C-B85E-4523-95C0-B2E1828C4764}.DebugOptimized|x64.ActiveCfg = DebugOptimized|x64
		{18EA776C-B85E-4523-95C0-B2E1828C4764}.DebugOptimized|x64.Build.0 = DebugOptimized|x64
		{18EA776C-B85E-4523-95C0-B2E1828C4764}.DebugOptimized|x86.ActiveCfg = DebugOptimized|Win32
		{18EA776C-B85E-4523-95C0-B2E1828C4764}.DebugOptimized|x86.Build.0 = DebugOptimized|Win32
		{18EA776C-B85E-4523-95C0-B2E1828C4764}.InternalDebug|ARM.ActiveCfg = Release|Win32
		{18EA776C-B85E-4523-95C0-B2E1828C4764}.InternalDebug|ARM.Build.0 = Release|Win32
		{18EA776C-B85E-4523-95C0-B2E1828C4764}.InternalDebug|ARM64.ActiveCfg = Release|Win32
		{18EA776C-B85E-4523-95C0-B2E1828C4764}.InternalDebug|ARM64.Build.0 = Release|Win32
		{18EA776C-B85E-4523-95C0-B2E1828C4764}.InternalDebug|x64.ActiveCfg = Debug|x64
		{18EA776C-B85E-4523-95C0-B2E1828C4764}.InternalDebug|x64.Build.0 = Debug|x64
		{18EA776C-B85E-4523-95C0-B2E1828C4764}.InternalDebug|x86.ActiveCfg = Debug|Win32
		{18EA776C-B85E-4523-95C0-B2E1828C4764}.InternalDebug|x86.Build.0 = Debug|Win32
		{18EA776C-B85E-4523-95C0-B2E1828C4764}.InternalRelease|ARM.ActiveCfg = Release|Win32
		{18EA776C-B85E-4523-95C0-B2E1828C4764}.InternalRelease|ARM.Build.0 = Release|Win32
		{18EA776C-B85E-4523-95C0-B2E1828C4764}.InternalRelease|ARM64.ActiveCfg = Release|Win32
		{18EA776C-B85E-4523-95C0-B2E1828C4764}.InternalRelease|ARM64.Build.0 = Release|Win32
		{18EA776C-B85E-4523-95C0-B2E1828C4764}.InternalRelease|x64.ActiveCfg = Release|x64
		{18EA776C-B85E-4523-95C0-B2E1828C4764}.InternalRelease|x64.Build.0 = Release|x64
		{18EA776C-B85E-4523-95C0-B2E1828C4764}.InternalRelease|x86.ActiveCfg = Release|Win32
		{18EA776C-B85E-4523-95C0-B2E1828C4764}.InternalRelease|x86.Build.0 = Release|Win32
		{18EA776C-B85E-4523-95C0-B2E1828C4764}.Release|ARM.ActiveCfg = Release|Win32
		{18EA776C-B85E-4523-95C0-B2E1828C4764}.Release|ARM64.ActiveCfg = Release|Win32
		{18EA776C-B85E-4523-95C0-B2E1828C4764}.Release|x64.ActiveCfg = Release|x64
		{18EA776C-B85E-4523-95C0-B2E1828C4764}.Release|x64.Build.0 = Release|x64
		{18EA776C-B85E-4523-95C0-B2E1828C4764}.Release|x86.ActiveCfg = Release|Win32
		{18EA776C-B85E-4523-95C0-B2E1828C4764}.Release|x86.Build.0 = Release|Win32
		{18EA776C-B85E-4523-95C0-B2E1828C4764}.Unicode Debug|ARM.ActiveCfg = Release|Win32
		{18EA776C-B85E-4523-95C0-B2E1828C4764}.Unicode Debug|ARM.Build.0 = Release|Win32
		{18EA776C-B85E-4523-95C0-B2E1828C4764}.Unicode Debug|ARM64.ActiveCfg = Release|Win32
		{18EA776C-B85E-4523-95C0-B2E1828C4764}.Unicode Debug|ARM64.Build.0 = Release|Win32
		{18EA776C-B85E-4523-95C0-B2E1828C4764}.Unicode Debug|x64.ActiveCfg = Debug|x64
		{18EA776C-B85E-4523-95C0-B2E1828C4764}.Unicode Debug|x64.Build.0 = Debug|x64
		{18EA776C-B85E-4523-95C0-B2E1828C4764}.Unicode Debug|x86.ActiveCfg = Debug|Win32
		{18EA776C-B85E-4523-95C0-B2E1828C4764}.Unicode Debug|x86.Build.0 = Debug|Win32
		{18EA776C-B85E-4523-95C0-B2E1828C4764}.Unicode Release|ARM.ActiveCfg = Release|Win32
		{18EA776C-B85E-4523-95C0-B2E1828C4764}.Unicode Release|ARM.Build.0 = Release|Win32
		{18EA776C-B85E-4523-95C0-B2E1828C4764}.Unicode Release|ARM64.ActiveCfg = Release|Win32
		{18EA776C-B85E-4523-95C0-B2E1828C4764}.Unicode Release|ARM64.Build.0 = Release|Win32
		{18EA776C-B85E-4523-95C0-B2E1828C4764}.Unicode Release|x64.ActiveCfg = Release|x64
		{18EA776C-B85E-4523-95C0-B2E1828C4764}.Unicode Release|x64.Build.0 = Release|x64
		{18EA776C-B85E-4523-95C0-B2E1828C4764}.Unicode Release|x86.ActiveCfg = Release|Win32
		{18EA776C-B85E-4523-95C0-B2E1828C4764}.Unicode Release|x86.Build.0 = Release|Win32
		{DA6A5601-1370-40CB-A98F-87FF729DC35B}.Debug|ARM.ActiveCfg = Debug|Win32
		{DA6A5601-1370-40CB-A98F-87FF729DC35B}.Debug|ARM64.ActiveCfg = Debug|Win32
		{DA6A5601-1370-40CB-A98F-87FF729DC35B}.Debug|x64.ActiveCfg = Debug|x64
		{DA6A5601-1370-40CB-A98F-87FF729DC35B}.Debug|x64.Build.0 = Debug|x64
		{DA6A5601-1370-40CB-A98F-87FF729DC35B}.Debug|x86.ActiveCfg = Debug|Win32
		{DA6A5601-1370-40CB-A98F-87FF729DC35B}.Debug|x86.Build.0 = Debug|Win32
		{DA6A5601-1370-40CB-A98F-87FF729DC35B}.DebugOptimized|ARM.ActiveCfg = DebugOptimized|Win32
		{DA6A5601-1370-40CB-A98F-87FF729DC35B}.DebugOptimized|ARM64.ActiveCfg = DebugOptimized|Win32
		{DA6A5601-1370-40CB-A98F-87FF729DC35B}.DebugOptimized|x64.ActiveCfg = DebugOptimized|x64
		{DA6A5601-1370-40CB-A98F-87FF729DC35B}.DebugOptimized|x64.Build.0 = DebugOptimized|x64
		{DA6A5601-1370-40CB-A98F-87FF729DC35B}.DebugOptimized|x86.ActiveCfg = DebugOptimized|Win32
		{DA6A5601-1370-40CB-A98F-87FF729DC35B}.DebugOptimized|x86.Build.0 = DebugOptimized|Win32
		{DA6A5601-1370-40CB-A98F-87FF729DC35B}.InternalDebug|ARM.ActiveCfg = ServerRelease|x64
		{DA6A5601-1370-40CB-A98F-87FF729DC35B}.InternalDebug|ARM.Build.0 = ServerRelease|x64
		{DA6A5601-1370-40CB-A98F-87FF729DC35B}.InternalDebug|ARM64.ActiveCfg = ServerRelease|x64
		{DA6A5601-1370-40CB-A98F-87FF729DC35B}.InternalDebug|ARM64.Build.0 = ServerRelease|x64
		{DA6A5601-1370-40CB-A98F-87FF729DC35B}.InternalDebug|x64.ActiveCfg = Debug|x64
		{DA6A5601-1370-40CB-A98F-87FF729DC35B}.InternalDebug|x64.Build.0 = Debug|x64
		{DA6A5601-1370-40CB-A98F-87FF729DC35B}.InternalDebug|x86.ActiveCfg = Debug|Win32
		{DA6A5601-1370-40CB-A98F-87FF729DC35B}.InternalDebug|x86.Build.0 = Debug|Win32
		{DA6A5601-1370-40CB-A98F-87FF729DC35B}.InternalRelease|ARM.ActiveCfg = ServerRelease|x64
		{DA6A5601-1370-40CB-A98F-87FF729DC35B}.InternalRelease|ARM.Build.0 = ServerRelease|x64
		{DA6A5601-1370-40CB-A98F-87FF729DC35B}.InternalRelease|ARM64.ActiveCfg = ServerRelease|x64
		{DA6A5601-1370-40CB-A98F-87FF729DC35B}.InternalRelease|ARM64.Build.0 = ServerRelease|x64
		{DA6A5601-1370-40CB-A98F-87FF729DC35B}.InternalRelease|x64.ActiveCfg = Release|x64
		{DA6A5601-1370-40CB-A98F-87FF729DC35B}.InternalRelease|x64.Build.0 = Release|x64
		{DA6A5601-1370-40CB-A98F-87FF729DC35B}.InternalRelease|x86.ActiveCfg = Release|Win32
		{DA6A5601-1370-40CB-A98F-87FF729DC35B}.InternalRelease|x86.Build.0 = Release|Win32
		{DA6A5601-1370-40CB-A98F-87FF729DC35B}.Release|ARM.ActiveCfg = Release|Win32
		{DA6A5601-1370-40CB-A98F-87FF729DC35B}.Release|ARM64.ActiveCfg = Release|Win32
		{DA6A5601-1370-40CB-A98F-87FF729DC35B}.Release|x64.ActiveCfg = Release|x64
		{DA6A5601-1370-40CB-A98F-87FF729DC35B}.Release|x64.Build.0 = Release|x64
		{DA6A5601-1370-40CB-A98F-87FF729DC35B}.Release|x86.ActiveCfg = Release|Win32
		{DA6A5601-1370-40CB-A98F-87FF729DC35B}.Release|x86.Build.0 = Release|Win32
		{DA6A5601-1370-40CB-A98F-87FF729DC35B}.Unicode Debug|ARM.ActiveCfg = ServerRelease|x64
		{DA6A5601-1370-40CB-A98F-87FF729DC35B}.Unicode Debug|ARM.Build.0 = ServerRelease|x64
		{DA6A5601-1370-40CB-A98F-87FF729DC35B}.Unicode Debug|ARM64.ActiveCfg = ServerRelease|x64
		{DA6A5601-1370-40CB-A98F-87FF729DC35B}.Unicode Debug|ARM64.Build.0 = ServerRelease|x64
		{DA6A5601-1370-40CB-A98F-87FF729DC35B}.Unicode Debug|x64.ActiveCfg = Debug|x64
		{DA6A5601-1370-40CB-A98F-87FF729DC35B}.Unicode Debug|x64.Build.0 = Debug|x64
		{DA6A5601-1370-40CB-A98F-87FF729DC35B}.Unicode Debug|x86.ActiveCfg = Debug|Win32
		{DA6A5601-1370-40CB-A98F-87FF729DC35B}.Unicode Debug|x86.Build.0 = Debug|Win32
		{DA6A5601-1370-40CB-A98F-87FF729DC35B}.Unicode Release|ARM.ActiveCfg = ServerRelease|x64
		{DA6A5601-1370-40CB-A98F-87FF729DC35B}.Unicode Release|ARM.Build.0 = ServerRelease|x64
		{DA6A5601-1370-40CB-A98F-87FF729DC35B}.Unicode Release|ARM64.ActiveCfg = ServerRelease|x64
		{DA6A5601-1370-40CB-A98F-87FF729DC35B}.Unicode Release|ARM64.Build.0 = ServerRelease|x64
		{DA6A5601-1370-40CB-A98F-87FF729DC35B}.Unicode Release|x64.ActiveCfg = Release|x64
		{DA6A5601-1370-40CB-A98F-87FF729DC35B}.Unicode Release|x64.Build.0 = Release|x64
		{DA6A5601-1370-40CB-A98F-87FF729DC35B}.Unicode Release|x86.ActiveCfg = Release|Win32
		{DA6A5601-1370-40CB-A98F-87FF729DC35B}.Unicode Release|x86.Build.0 = Release|Win32
		{05154A89-A442-4BF0-9609-1EF2B52C6AF4}.Debug|ARM.ActiveCfg = Debug|Win32
		{05154A89-A442-4BF0-9609-1EF2B52C6AF4}.Debug|ARM64.ActiveCfg = Debug|Win32
		{05154A89-A442-4BF0-9609-1EF2B52C6AF4}.Debug|x64.ActiveCfg = Debug|x64
		{05154A89-A442-4BF0-9609-1EF2B52C6AF4}.Debug|x64.Build.0 = Debug|x64
		{05154A89-A442-4BF0-9609-1EF2B52C6AF4}.Debug|x86.ActiveCfg = Debug|Win32
		{05154A89-A442-4BF0-9609-1EF2B52C6AF4}.Debug|x86.Build.0 = Debug|Win32
		{05154A89-A442-4BF0-9609-1EF2B52C6AF4}.DebugOptimized|ARM.ActiveCfg = DebugOptimized|Win32
		{05154A89-A442-4BF0-9609-1EF2B52C6AF4}.DebugOptimized|ARM64.ActiveCfg = DebugOptimized|Win32
		{05154A89-A442-4BF0-9609-1EF2B52C6AF4}.DebugOptimized|x64.ActiveCfg = DebugOptimized|x64
		{05154A89-A442-4BF0-9609-1EF2B52C6AF4}.DebugOptimized|x64.Build.0 = DebugOptimized|x64
		{05154A89-A442-4BF0-9609-1EF2B52C6AF4}.DebugOptimized|x86.ActiveCfg = DebugOptimized|Win32
		{05154A89-A442-4BF0-9609-1EF2B52C6AF4}.DebugOptimized|x86.Build.0 = DebugOptimized|Win32
		{05154A89-A442-4BF0-9609-1EF2B52C6AF4}.InternalDebug|ARM.ActiveCfg = InternalDebug|Win32
		{05154A89-A442-4BF0-9609-1EF2B52C6AF4}.InternalDebug|ARM64.ActiveCfg = InternalDebug|Win32
		{05154A89-A442-4BF0-9609-1EF2B52C6AF4}.InternalDebug|x64.ActiveCfg = InternalDebug|x64
		{05154A89-A442-4BF0-9609-1EF2B52C6AF4}.InternalDebug|x64.Build.0 = InternalDebug|x64
		{05154A89-A442-4BF0-9609-1EF2B52C6AF4}.InternalDebug|x86.ActiveCfg = InternalDebug|Win32
		{05154A89-A442-4BF0-9609-1EF2B52C6AF4}.InternalDebug|x86.Build.0 = InternalDebug|Win32
		{05154A89-A442-4BF0-9609-1EF2B52C6AF4}.InternalRelease|ARM.ActiveCfg = InternalRelease|Win32
		{05154A89-A442-4BF0-9609-1EF2B52C6AF4}.InternalRelease|ARM64.ActiveCfg = InternalRelease|Win32
		{05154A89-A442-4BF0-9609-1EF2B52C6AF4}.InternalRelease|x64.ActiveCfg = InternalRelease|x64
		{05154A89-A442-4BF0-9609-1EF2B52C6AF4}.InternalRelease|x64.Build.0 = InternalRelease|x64
		{05154A89-A442-4BF0-9609-1EF2B52C6AF4}.InternalRelease|x86.ActiveCfg = InternalRelease|Win32
		{05154A89-A442-4BF0-9609-1EF2B52C6AF4}.InternalRelease|x86.Build.0 = InternalRelease|Win32
		{05154A89-A442-4BF0-9609-1EF2B52C6AF4}.Release|ARM.ActiveCfg = Release|Win32
		{05154A89-A442-4BF0-9609-1EF2B52C6AF4}.Release|ARM64.ActiveCfg = Release|Win32
		{05154A89-A442-4BF0-9609-1EF2B52C6AF4}.Release|x64.ActiveCfg = Release|x64
		{05154A89-A442-4BF0-9609-1EF2B52C6AF4}.Release|x64.Build.0 = Release|x64
		{05154A89-A442-4BF0-9609-1EF2B52C6AF4}.Release|x86.ActiveCfg = Release|Win32
		{05154A89-A442-4BF0-9609-1EF2B52C6AF4}.Release|x86.Build.0 = Release|Win32
		{05154A89-A442-4BF0-9609-1EF2B52C6AF4}.Unicode Debug|ARM.ActiveCfg = Release|Win32
		{05154A89-A442-4BF0-9609-1EF2B52C6AF4}.Unicode Debug|ARM.Build.0 = Release|Win32
		{05154A89-A442-4BF0-9609-1EF2B52C6AF4}.Unicode Debug|ARM64.ActiveCfg = Release|Win32
		{05154A89-A442-4BF0-9609-1EF2B52C6AF4}.Unicode Debug|ARM64.Build.0 = Release|Win32
		{05154A89-A442-4BF0-9609-1EF2B52C6AF4}.Unicode Debug|x64.ActiveCfg = Debug|x64
		{05154A89-A442-4BF0-9609-1EF2B52C6AF4}.Unicode Debug|x64.Build.0 = Debug|x64
		{05154A89-A442-4BF0-9609-1EF2B52C6AF4}.Unicode Debug|x86.ActiveCfg = Debug|Win32
		{05154A89-A442-4BF0-9609-1EF2B52C6AF4}.Unicode Debug|x86.Build.0 = Debug|Win32
		{05154A89-A442-4BF0-9609-1EF2B52C6AF4}.Unicode Release|ARM.ActiveCfg = Release|Win32
		{05154A89-A442-4BF0-9609-1EF2B52C6AF4}.Unicode Release|ARM.Build.0 = Release|Win32
		{05154A89-A442-4BF0-9609-1EF2B52C6AF4}.Unicode Release|ARM64.ActiveCfg = Release|Win32
		{05154A89-A442-4BF0-9609-1EF2B52C6AF4}.Unicode Release|ARM64.Build.0 = Release|Win32
		{05154A89-A442-4BF0-9609-1EF2B52C6AF4}.Unicode Release|x64.ActiveCfg = Release|x64
		{05154A89-A442-4BF0-9609-1EF2B52C6AF4}.Unicode Release|x64.Build.0 = Release|x64
		{05154A89-A442-4BF0-9609-1EF2B52C6AF4}.Unicode Release|x86.ActiveCfg = Release|Win32
		{05154A89-A442-4BF0-9609-1EF2B52C6AF4}.Unicode Release|x86.Build.0 = Release|Win32
		{5AE2E11C-2693-4359-BF3B-FD1932B2E172}.Debug|ARM.ActiveCfg = Debug|Win32
		{5AE2E11C-2693-4359-BF3B-FD1932B2E172}.Debug|ARM64.ActiveCfg = Debug|Win32
		{5AE2E11C-2693-4359-BF3B-FD1932B2E172}.Debug|x64.ActiveCfg = Debug|x64
		{5AE2E11C-2693-4359-BF3B-FD1932B2E172}.Debug|x64.Build.0 = Debug|x64
		{5AE2E11C-2693-4359-BF3B-FD1932B2E172}.Debug|x86.ActiveCfg = Debug|Win32
		{5AE2E11C-2693-4359-BF3B-FD1932B2E172}.Debug|x86.Build.0 = Debug|Win32
		{5AE2E11C-2693-4359-BF3B-FD1932B2E172}.DebugOptimized|ARM.ActiveCfg = DebugOptimized|Win32
		{5AE2E11C-2693-4359-BF3B-FD1932B2E172}.DebugOptimized|ARM64.ActiveCfg = DebugOptimized|Win32
		{5AE2E11C-2693-4359-BF3B-FD1932B2E172}.DebugOptimized|x64.ActiveCfg = DebugOptimized|x64
		{5AE2E11C-2693-4359-BF3B-FD1932B2E172}.DebugOptimized|x64.Build.0 = DebugOptimized|x64
		{5AE2E11C-2693-4359-BF3B-FD1932B2E172}.DebugOptimized|x86.ActiveCfg = DebugOptimized|Win32
		{5AE2E11C-2693-4359-BF3B-FD1932B2E172}.DebugOptimized|x86.Build.0 = DebugOptimized|Win32
		{5AE2E11C-2693-4359-BF3B-FD1932B2E172}.InternalDebug|ARM.ActiveCfg = Release|Win32
		{5AE2E11C-2693-4359-BF3B-FD1932B2E172}.InternalDebug|ARM.Build.0 = Release|Win32
		{5AE2E11C-2693-4359-BF3B-FD1932B2E172}.InternalDebug|ARM64.ActiveCfg = Release|Win32
		{5AE2E11C-2693-4359-BF3B-FD1932B2E172}.InternalDebug|ARM64.Build.0 = Release|Win32
		{5AE2E11C-2693-4359-BF3B-FD1932B2E172}.InternalDebug|x64.ActiveCfg = Debug|x64
		{5AE2E11C-2693-4359-BF3B-FD1932B2E172}.InternalDebug|x64.Build.0 = Debug|x64
		{5AE2E11C-2693-4359-BF3B-FD1932B2E172}.InternalDebug|x86.ActiveCfg = Debug|Win32
		{5AE2E11C-2693-4359-BF3B-FD1932B2E172}.InternalDebug|x86.Build.0 = Debug|Win32
		{5AE2E11C-2693-4359-BF3B-FD1932B2E172}.InternalRelease|ARM.ActiveCfg = Release|Win32
		{5AE2E11C-2693-4359-BF3B-FD1932B2E172}.InternalRelease|ARM.Build.0 = Release|Win32
		{5AE2E11C-2693-4359-BF3B-FD1932B2E172}.InternalRelease|ARM64.ActiveCfg = Release|Win32
		{5AE2E11C-2693-4359-BF3B-FD1932B2E172}.InternalRelease|ARM64.Build.0 = Release|Win32
		{5AE2E11C-2693-4359-BF3B-FD1932B2E172}.InternalRelease|x64.ActiveCfg = Release|x64
		{5AE2E11C-2693-4359-BF3B-FD1932B2E172}.InternalRelease|x64.Build.0 = Release|x64
		{5AE2E11C-2693-4359-BF3B-FD1932B2E172}.InternalRelease|x86.ActiveCfg = Release|Win32
		{5AE2E11C-2693-4359-BF3B-FD1932B2E172}.InternalRelease|x86.Build.0 = Release|Win32
		{5AE2E11C-2693-4359-BF3B-FD1932B2E172}.Release|ARM.ActiveCfg = Release|Win32
		{5AE2E11C-2693-4359-BF3B-FD1932B2E172}.Release|ARM64.ActiveCfg = Release|Win32
		{5AE2E11C-2693-4359-BF3B-FD1932B2E172}.Release|x64.ActiveCfg = Release|x64
		{5AE2E11C-2693-4359-BF3B-FD1932B2E172}.Release|x64.Build.0 = Release|x64
		{5AE2E11C-2693-4359-BF3B-FD1932B2E172}.Release|x86.ActiveCfg = Release|Win32
		{5AE2E11C-2693-4359-BF3B-FD1932B2E172}.Release|x86.Build.0 = Release|Win32
		{5AE2E11C-2693-4359-BF3B-FD1932B2E172}.Unicode Debug|ARM.ActiveCfg = Release|Win32
		{5AE2E11C-2693-4359-BF3B-FD1932B2E172}.Unicode Debug|ARM.Build.0 = Release|Win32
		{5AE2E11C-2693-4359-BF3B-FD1932B2E172}.Unicode Debug|ARM64.ActiveCfg = Release|Win32
		{5AE2E11C-2693-4359-BF3B-FD1932B2E172}.Unicode Debug|ARM64.Build.0 = Release|Win32
		{5AE2E11C-2693-4359-BF3B-FD1932B2E172}.Unicode Debug|x64.ActiveCfg = Debug|x64
		{5AE2E11C-2693-4359-BF3B-FD1932B2E172}.Unicode Debug|x64.Build.0 = Debug|x64
		{5AE2E11C-2693-4359-BF3B-FD1932B2E172}.Unicode Debug|x86.ActiveCfg = Debug|Win32
		{5AE2E11C-2693-4359-BF3B-FD1932B2E172}.Unicode Debug|x86.Build.0 = Debug|Win32
		{5AE2E11C-2693-4359-BF3B-FD1932B2E172}.Unicode Release|ARM.ActiveCfg = Release|Win32
		{5AE2E11C-2693-4359-BF3B-FD1932B2E172}.Unicode Release|ARM.Build.0 = Release|Win32
		{5AE2E11C-2693-4359-BF3B-FD1932B2E172}.Unicode Release|ARM64.ActiveCfg = Release|Win32
		{5AE2E11C-2693-4359-BF3B-FD1932B2E172}.Unicode Release|ARM64.Build.0 = Release|Win32
		{5AE2E11C-2693-4359-BF3B-FD1932B2E172}.Unicode Release|x64.ActiveCfg = Release|x64
		{5AE2E11C-2693-4359-BF3B-FD1932B2E172}.Unicode Release|x64.Build.0 = Release|x64
		{5AE2E11C-2693-4359-BF3B-FD1932B2E172}.Unicode Release|x86.ActiveCfg = Release|Win32
		{5AE2E11C-2693-4359-BF3B-FD1932B2E172}.Unicode Release|x86.Build.0 = Release|Win32
		{3D5521AF-2D49-4267-89C4-B28550497F19}.Debug|ARM.ActiveCfg = Debug|Win32
		{3D5521AF-2D49-4267-89C4-B28550497F19}.Debug|ARM64.ActiveCfg = Debug|Win32
		{3D5521AF-2D49-4267-89C4-B28550497F19}.Debug|x64.ActiveCfg = Debug|x64
		{3D5521AF-2D49-4267-89C4-B28550497F19}.Debug|x64.Build.0 = Debug|x64
		{3D5521AF-2D49-4267-89C4-B28550497F19}.Debug|x86.ActiveCfg = Debug|Win32
		{3D5521AF-2D49-4267-89C4-B28550497F19}.Debug|x86.Build.0 = Debug|Win32
		{3D5521AF-2D49-4267-89C4-B28550497F19}.DebugOptimized|ARM.ActiveCfg = DebugOptimized|Win32
		{3D5521AF-2D49-4267-89C4-B28550497F19}.DebugOptimized|ARM64.ActiveCfg = DebugOptimized|Win32
		{3D5521AF-2D49-4267-89C4-B28550497F19}.DebugOptimized|x64.ActiveCfg = DebugOptimized|x64
		{3D5521AF-2D49-4267-89C4-B28550497F19}.DebugOptimized|x64.Build.0 = DebugOptimized|x64
		{3D5521AF-2D49-4267-89C4-B28550497F19}.DebugOptimized|x86.ActiveCfg = DebugOptimized|Win32
		{3D5521AF-2D49-4267-89C4-B28550497F19}.DebugOptimized|x86.Build.0 = DebugOptimized|Win32
		{3D5521AF-2D49-4267-89C4-B28550497F19}.InternalDebug|ARM.ActiveCfg = Release|Win32
		{3D5521AF-2D49-4267-89C4-B28550497F19}.InternalDebug|ARM.Build.0 = Release|Win32
		{3D5521AF-2D49-4267-89C4-B28550497F19}.InternalDebug|ARM64.ActiveCfg = Release|Win32
		{3D5521AF-2D49-4267-89C4-B28550497F19}.InternalDebug|ARM64.Build.0 = Release|Win32
		{3D5521AF-2D49-4267-89C4-B28550497F19}.InternalDebug|x64.ActiveCfg = Debug|x64
		{3D5521AF-2D49-4267-89C4-B28550497F19}.InternalDebug|x64.Build.0 = Debug|x64
		{3D5521AF-2D49-4267-89C4-B28550497F19}.InternalDebug|x86.ActiveCfg = Debug|Win32
		{3D5521AF-2D49-4267-89C4-B28550497F19}.InternalDebug|x86.Build.0 = Debug|Win32
		{3D5521AF-2D49-4267-89C4-B28550497F19}.InternalRelease|ARM.ActiveCfg = Release|Win32
		{3D5521AF-2D49-4267-89C4-B28550497F19}.InternalRelease|ARM.Build.0 = Release|Win32
		{3D5521AF-2D49-4267-89C4-B28550497F19}.InternalRelease|ARM64.ActiveCfg = Release|Win32
		{3D5521AF-2D49-4267-89C4-B28550497F19}.InternalRelease|ARM64.Build.0 = Release|Win32
		{3D5521AF-2D49-4267-89C4-B28550497F19}.InternalRelease|x64.ActiveCfg = Release|x64
		{3D5521AF-2D49-4267-89C4-B28550497F19}.InternalRelease|x64.Build.0 = Release|x64
		{3D5521AF-2D49-4267-89C4-B28550497F19}.InternalRelease|x86.ActiveCfg = Release|Win32
		{3D5521AF-2D49-4267-89C4-B28550497F19}.InternalRelease|x86.Build.0 = Release|Win32
		{3D5521AF-2D49-4267-89C4-B28550497F19}.Release|ARM.ActiveCfg = Release|Win32
		{3D5521AF-2D49-4267-89C4-B28550497F19}.Release|ARM64.ActiveCfg = Release|Win32
		{3D5521AF-2D49-4267-89C4-B28550497F19}.Release|x64.ActiveCfg = Release|x64
		{3D5521AF-2D49-4267-89C4-B28550497F19}.Release|x64.Build.0 = Release|x64
		{3D5521AF-2D49-4267-89C4-B28550497F19}.Release|x86.ActiveCfg = Release|Win32
		{3D5521AF-2D49-4267-89C4-B28550497F19}.Release|x86.Build.0 = Release|Win32
		{3D5521AF-2D49-4267-89C4-B28550497F19}.Unicode Debug|ARM.ActiveCfg = Release|Win32
		{3D5521AF-2D49-4267-89C4-B28550497F19}.Unicode Debug|ARM.Build.0 = Release|Win32
		{3D5521AF-2D49-4267-89C4-B28550497F19}.Unicode Debug|ARM64.ActiveCfg = Release|Win32
		{3D5521AF-2D49-4267-89C4-B28550497F19}.Unicode Debug|ARM64.Build.0 = Release|Win32
		{3D5521AF-2D49-4267-89C4-B28550497F19}.Unicode Debug|x64.ActiveCfg = Debug|x64
		{3D5521AF-2D49-4267-89C4-B28550497F19}.Unicode Debug|x64.Build.0 = Debug|x64
		{3D5521AF-2D49-4267-89C4-B28550497F19}.Unicode Debug|x86.ActiveCfg = Debug|Win32
		{3D5521AF-2D49-4267-89C4-B28550497F19}.Unicode Debug|x86.Build.0 = Debug|Win32
		{3D5521AF-2D49-4267-89C4-B28550497F19}.Unicode Release|ARM.ActiveCfg = Release|Win32
		{3D5521AF-2D49-4267-89C4-B28550497F19}.Unicode Release|ARM.Build.0 = Release|Win32
		{3D5521AF-2D49-4267-89C4-B28550497F19}.Unicode Release|ARM64.ActiveCfg = Release|Win32
		{3D5521AF-2D49-4267-89C4-B28550497F19}.Unicode Release|ARM64.Build.0 = Release|Win32
		{3D5521AF-2D49-4267-89C4-B28550497F19}.Unicode Release|x64.ActiveCfg = Release|x64
		{3D5521AF-2D49-4267-89C4-B28550497F19}.Unicode Release|x64.Build.0 = Release|x64
		{3D5521AF-2D49-4267-89C4-B28550497F19}.Unicode Release|x86.ActiveCfg = Release|Win32
		{3D5521AF-2D49-4267-89C4-B28550497F19}.Unicode Release|x86.Build.0 = Release|Win32
		{74937FE5-1D5C-46B1-B1CC-3F02F7A6FA03}.Debug|ARM.ActiveCfg = Debug|Win32
		{74937FE5-1D5C-46B1-B1CC-3F02F7A6FA03}.Debug|ARM64.ActiveCfg = Debug|Win32
		{74937FE5-1D5C-46B1-B1CC-3F02F7A6FA03}.Debug|x64.ActiveCfg = Debug|x64
		{74937FE5-1D5C-46B1-B1CC-3F02F7A6FA03}.Debug|x64.Build.0 = Debug|x64
		{74937FE5-1D5C-46B1-B1CC-3F02F7A6FA03}.Debug|x86.ActiveCfg = Debug|Win32
		{74937FE5-1D5C-46B1-B1CC-3F02F7A6FA03}.Debug|x86.Build.0 = Debug|Win32
		{74937FE5-1D5C-46B1-B1CC-3F02F7A6FA03}.DebugOptimized|ARM.ActiveCfg = DebugOptimized|Win32
		{74937FE5-1D5C-46B1-B1CC-3F02F7A6FA03}.DebugOptimized|ARM64.ActiveCfg = DebugOptimized|Win32
		{74937FE5-1D5C-46B1-B1CC-3F02F7A6FA03}.DebugOptimized|x64.ActiveCfg = DebugOptimized|x64
		{74937FE5-1D5C-46B1-B1CC-3F02F7A6FA03}.DebugOptimized|x64.Build.0 = DebugOptimized|x64
		{74937FE5-1D5C-46B1-B1CC-3F02F7A6FA03}.DebugOptimized|x86.ActiveCfg = DebugOptimized|Win32
		{74937FE5-1D5C-46B1-B1CC-3F02F7A6FA03}.DebugOptimized|x86.Build.0 = DebugOptimized|Win32
		{74937FE5-1D5C-46B1-B1CC-3F02F7A6FA03}.InternalDebug|ARM.ActiveCfg = Release|Win32
		{74937FE5-1D5C-46B1-B1CC-3F02F7A6FA03}.InternalDebug|ARM.Build.0 = Release|Win32
		{74937FE5-1D5C-46B1-B1CC-3F02F7A6FA03}.InternalDebug|ARM64.ActiveCfg = Release|Win32
		{74937FE5-1D5C-46B1-B1CC-3F02F7A6FA03}.InternalDebug|ARM64.Build.0 = Release|Win32
		{74937FE5-1D5C-46B1-B1CC-3F02F7A6FA03}.InternalDebug|x64.ActiveCfg = Debug|x64
		{74937FE5-1D5C-46B1-B1CC-3F02F7A6FA03}.InternalDebug|x64.Build.0 = Debug|x64
		{74937FE5-1D5C-46B1-B1CC-3F02F7A6FA03}.InternalDebug|x86.ActiveCfg = Debug|Win32
		{74937FE5-1D5C-46B1-B1CC-3F02F7A6FA03}.InternalDebug|x86.Build.0 = Debug|Win32
		{74937FE5-1D5C-46B1-B1CC-3F02F7A6FA03}.InternalRelease|ARM.ActiveCfg = Release|Win32
		{74937FE5-1D5C-46B1-B1CC-3F02F7A6FA03}.InternalRelease|ARM.Build.0 = Release|Win32
		{74937FE5-1D5C-46B1-B1CC-3F02F7A6FA03}.InternalRelease|ARM64.ActiveCfg = Release|Win32
		{74937FE5-1D5C-46B1-B1CC-3F02F7A6FA03}.InternalRelease|ARM64.Build.0 = Release|Win32
		{74937FE5-1D5C-46B1-B1CC-3F02F7A6FA03}.InternalRelease|x64.ActiveCfg = Release|x64
		{74937FE5-1D5C-46B1-B1CC-3F02F7A6FA03}.InternalRelease|x64.Build.0 = Release|x64
		{74937FE5-1D5C-46B1-B1CC-3F02F7A6FA03}.InternalRelease|x86.ActiveCfg = Release|Win32
		{74937FE5-1D5C-46B1-B1CC-3F02F7A6FA03}.InternalRelease|x86.Build.0 = Release|Win32
		{74937FE5-1D5C-46B1-B1CC-3F02F7A6FA03}.Release|ARM.ActiveCfg = Release|Win32
		{74937FE5-1D5C-46B1-B1CC-3F02F7A6FA03}.Release|ARM64.ActiveCfg = Release|Win32
		{74937FE5-1D5C-46B1-B1CC-3F02F7A6FA03}.Release|x64.ActiveCfg = Release|x64
		{74937FE5-1D5C-46B1-B1CC-3F02F7A6FA03}.Release|x64.Build.0 = Release|x64
		{74937FE5-1D5C-46B1-B1CC-3F02F7A6FA03}.Release|x86.ActiveCfg = Release|Win32
		{74937FE5-1D5C-46B1-B1CC-3F02F7A6FA03}.Release|x86.Build.0 = Release|Win32
		{74937FE5-1D5C-46B1-B1CC-3F02F7A6FA03}.Unicode Debug|ARM.ActiveCfg = Release|Win32
		{74937FE5-1D5C-46B1-B1CC-3F02F7A6FA03}.Unicode Debug|ARM.Build.0 = Release|Win32
		{74937FE5-1D5C-46B1-B1CC-3F02F7A6FA03}.Unicode Debug|ARM64.ActiveCfg = Release|Win32
		{74937FE5-1D5C-46B1-B1CC-3F02F7A6FA03}.Unicode Debug|ARM64.Build.0 = Release|Win32
		{74937FE5-1D5C-46B1-B1CC-3F02F7A6FA03}.Unicode Debug|x64.ActiveCfg = Debug|x64
		{74937FE5-1D5C-46B1-B1CC-3F02F7A6FA03}.Unicode Debug|x64.Build.0 = Debug|x64
		{74937FE5-1D5C-46B1-B1CC-3F02F7A6FA03}.Unicode Debug|x86.ActiveCfg = Debug|Win32
		{74937FE5-1D5C-46B1-B1CC-3F02F7A6FA03}.Unicode Debug|x86.Build.0 = Debug|Win32
		{74937FE5-1D5C-46B1-B1CC-3F02F7A6FA03}.Unicode Release|ARM.ActiveCfg = Release|Win32
		{74937FE5-1D5C-46B1-B1CC-3F02F7A6FA03}.Unicode Release|ARM.Build.0 = Release|Win32
		{74937FE5-1D5C-46B1-B1CC-3F02F7A6FA03}.Unicode Release|ARM64.ActiveCfg = Release|Win32
		{74937FE5-1D5C-46B1-B1CC-3F02F7A6FA03}.Unicode Release|ARM64.Build.0 = Release|Win32
		{74937FE5-1D5C-46B1-B1CC-3F02F7A6FA03}.Unicode Release|x64.ActiveCfg = Release|x64
		{74937FE5-1D5C-46B1-B1CC-3F02F7A6FA03}.Unicode Release|x64.Build.0 = Release|x64
		{74937FE5-1D5C-46B1-B1CC-3F02F7A6FA03}.Unicode Release|x86.ActiveCfg = Release|Win32
		{74937FE5-1D5C-46B1-B1CC-3F02F7A6FA03}.Unicode Release|x86.Build.0 = Release|Win32
		{17BBD175-2483-4A29-A13D-9256C552BA8C}.Debug|ARM.ActiveCfg = Debug|Win32
		{17BBD175-2483-4A29-A13D-9256C552BA8C}.Debug|ARM64.ActiveCfg = Debug|Win32
		{17BBD175-2483-4A29-A13D-9256C552BA8C}.Debug|x64.ActiveCfg = Debug|x64
		{17BBD175-2483-4A29-A13D-9256C552BA8C}.Debug|x64.Build.0 = Debug|x64
		{17BBD175-2483-4A29-A13D-9256C552BA8C}.Debug|x86.ActiveCfg = Debug|Win32
		{17BBD175-2483-4A29-A13D-9256C552BA8C}.Debug|x86.Build.0 = Debug|Win32
		{17BBD175-2483-4A29-A13D-9256C552BA8C}.DebugOptimized|ARM.ActiveCfg = DebugOptimized|Win32
		{17BBD175-2483-4A29-A13D-9256C552BA8C}.DebugOptimized|ARM64.ActiveCfg = DebugOptimized|Win32
		{17BBD175-2483-4A29-A13D-9256C552BA8C}.DebugOptimized|x64.ActiveCfg = DebugOptimized|x64
		{17BBD175-2483-4A29-A13D-9256C552BA8C}.DebugOptimized|x64.Build.0 = DebugOptimized|x64
		{17BBD175-2483-4A29-A13D-9256C552BA8C}.DebugOptimized|x86.ActiveCfg = DebugOptimized|Win32
		{17BBD175-2483-4A29-A13D-9256C552BA8C}.DebugOptimized|x86.Build.0 = DebugOptimized|Win32
		{17BBD175-2483-4A29-A13D-9256C552BA8C}.InternalDebug|ARM.ActiveCfg = Release|Win32
		{17BBD175-2483-4A29-A13D-9256C552BA8C}.InternalDebug|ARM.Build.0 = Release|Win32
		{17BBD175-2483-4A29-A13D-9256C552BA8C}.InternalDebug|ARM64.ActiveCfg = Release|Win32
		{17BBD175-2483-4A29-A13D-9256C552BA8C}.InternalDebug|ARM64.Build.0 = Release|Win32
		{17BBD175-2483-4A29-A13D-9256C552BA8C}.InternalDebug|x64.ActiveCfg = Debug|x64
		{17BBD175-2483-4A29-A13D-9256C552BA8C}.InternalDebug|x64.Build.0 = Debug|x64
		{17BBD175-2483-4A29-A13D-9256C552BA8C}.InternalDebug|x86.ActiveCfg = Debug|Win32
		{17BBD175-2483-4A29-A13D-9256C552BA8C}.InternalDebug|x86.Build.0 = Debug|Win32
		{17BBD175-2483-4A29-A13D-9256C552BA8C}.InternalRelease|ARM.ActiveCfg = Release|Win32
		{17BBD175-2483-4A29-A13D-9256C552BA8C}.InternalRelease|ARM.Build.0 = Release|Win32
		{17BBD175-2483-4A29-A13D-9256C552BA8C}.InternalRelease|ARM64.ActiveCfg = Release|Win32
		{17BBD175-2483-4A29-A13D-9256C552BA8C}.InternalRelease|ARM64.Build.0 = Release|Win32
		{17BBD175-2483-4A29-A13D-9256C552BA8C}.InternalRelease|x64.ActiveCfg = Release|x64
		{17BBD175-2483-4A29-A13D-9256C552BA8C}.InternalRelease|x64.Build.0 = Release|x64
		{17BBD175-2483-4A29-A13D-9256C552BA8C}.InternalRelease|x86.ActiveCfg = Release|Win32
		{17BBD175-2483-4A29-A13D-9256C552BA8C}.InternalRelease|x86.Build.0 = Release|Win32
		{17BBD175-2483-4A29-A13D-9256C552BA8C}.Release|ARM.ActiveCfg = Release|Win32
		{17BBD175-2483-4A29-A13D-9256C552BA8C}.Release|ARM64.ActiveCfg = Release|Win32
		{17BBD175-2483-4A29-A13D-9256C552BA8C}.Release|x64.ActiveCfg = Release|x64
		{17BBD175-2483-4A29-A13D-9256C552BA8C}.Release|x64.Build.0 = Release|x64
		{17BBD175-2483-4A29-A13D-9256C552BA8C}.Release|x86.ActiveCfg = Release|Win32
		{17BBD175-2483-4A29-A13D-9256C552BA8C}.Release|x86.Build.0 = Release|Win32
		{17BBD175-2483-4A29-A13D-9256C552BA8C}.Unicode Debug|ARM.ActiveCfg = Release|Win32
		{17BBD175-2483-4A29-A13D-9256C552BA8C}.Unicode Debug|ARM.Build.0 = Release|Win32
		{17BBD175-2483-4A29-A13D-9256C552BA8C}.Unicode Debug|ARM64.ActiveCfg = Release|Win32
		{17BBD175-2483-4A29-A13D-9256C552BA8C}.Unicode Debug|ARM64.Build.0 = Release|Win32
		{17BBD175-2483-4A29-A13D-9256C552BA8C}.Unicode Debug|x64.ActiveCfg = Debug|x64
		{17BBD175-2483-4A29-A13D-9256C552BA8C}.Unicode Debug|x64.Build.0 = Debug|x64
		{17BBD175-2483-4A29-A13D-9256C552BA8C}.Unicode Debug|x86.ActiveCfg = Debug|Win32
		{17BBD175-2483-4A29-A13D-9256C552BA8C}.Unicode Debug|x86.Build.0 = Debug|Win32
		{17BBD175-2483-4A29-A13D-9256C552BA8C}.Unicode Release|ARM.ActiveCfg = Release|Win32
		{17BBD175-2483-4A29-A13D-9256C552BA8C}.Unicode Release|ARM.Build.0 = Release|Win32
		{17BBD175-2483-4A29-A13D-9256C552BA8C}.Unicode Release|ARM64.ActiveCfg = Release|Win32
		{17BBD175-2483-4A29-A13D-9256C552BA8C}.Unicode Release|ARM64.Build.0 = Release|Win32
		{17BBD175-2483-4A29-A13D-9256C552BA8C}.Unicode Release|x64.ActiveCfg = Release|x64
		{17BBD175-2483-4A29-A13D-9256C552BA8C}.Unicode Release|x64.Build.0 = Release|x64
		{17BBD175-2483-4A29-A13D-9256C552BA8C}.Unicode Release|x86.ActiveCfg = Release|Win32
		{17BBD175-2483-4A29-A13D-9256C552BA8C}.Unicode Release|x86.Build.0 = Release|Win32
		{95961CA0-05EC-4154-95BC-F6089273EFE7}.Debug|ARM.ActiveCfg = Debug|Win32
		{95961CA0-05EC-4154-95BC-F6089273EFE7}.Debug|ARM64.ActiveCfg = Debug|Win32
		{95961CA0-05EC-4154-95BC-F6089273EFE7}.Debug|x64.ActiveCfg = Unicode Debug|x64
		{95961CA0-05EC-4154-95BC-F6089273EFE7}.Debug|x64.Build.0 = Unicode Debug|x64
		{95961CA0-05EC-4154-95BC-F6089273EFE7}.Debug|x86.ActiveCfg = Unicode Debug|Win32
		{95961CA0-05EC-4154-95BC-F6089273EFE7}.Debug|x86.Build.0 = Unicode Debug|Win32
		{95961CA0-05EC-4154-95BC-F6089273EFE7}.DebugOptimized|ARM.ActiveCfg = DebugOptimized|Win32
		{95961CA0-05EC-4154-95BC-F6089273EFE7}.DebugOptimized|ARM64.ActiveCfg = DebugOptimized|Win32
		{95961CA0-05EC-4154-95BC-F6089273EFE7}.DebugOptimized|x64.ActiveCfg = Unicode Debug|x64
		{95961CA0-05EC-4154-95BC-F6089273EFE7}.DebugOptimized|x64.Build.0 = Unicode Debug|x64
		{95961CA0-05EC-4154-95BC-F6089273EFE7}.DebugOptimized|x86.ActiveCfg = Unicode Debug|Win32
		{95961CA0-05EC-4154-95BC-F6089273EFE7}.DebugOptimized|x86.Build.0 = Unicode Debug|Win32
		{95961CA0-05EC-4154-95BC-F6089273EFE7}.InternalDebug|ARM.ActiveCfg = Release|x64
		{95961CA0-05EC-4154-95BC-F6089273EFE7}.InternalDebug|ARM.Build.0 = Release|x64
		{95961CA0-05EC-4154-95BC-F6089273EFE7}.InternalDebug|ARM64.ActiveCfg = Release|x64
		{95961CA0-05EC-4154-95BC-F6089273EFE7}.InternalDebug|ARM64.Build.0 = Release|x64
		{95961CA0-05EC-4154-95BC-F6089273EFE7}.InternalDebug|x64.ActiveCfg = Unicode Debug|x64
		{95961CA0-05EC-4154-95BC-F6089273EFE7}.InternalDebug|x64.Build.0 = Unicode Debug|x64
		{95961CA0-05EC-4154-95BC-F6089273EFE7}.InternalDebug|x86.ActiveCfg = Unicode Debug|Win32
		{95961CA0-05EC-4154-95BC-F6089273EFE7}.InternalDebug|x86.Build.0 = Unicode Debug|Win32
		{95961CA0-05EC-4154-95BC-F6089273EFE7}.InternalRelease|ARM.ActiveCfg = Release|x64
		{95961CA0-05EC-4154-95BC-F6089273EFE7}.InternalRelease|ARM.Build.0 = Release|x64
		{95961CA0-05EC-4154-95BC-F6089273EFE7}.InternalRelease|ARM64.ActiveCfg = Release|x64
		{95961CA0-05EC-4154-95BC-F6089273EFE7}.InternalRelease|ARM64.Build.0 = Release|x64
		{95961CA0-05EC-4154-95BC-F6089273EFE7}.InternalRelease|x64.ActiveCfg = Unicode Release|x64
		{95961CA0-05EC-4154-95BC-F6089273EFE7}.InternalRelease|x64.Build.0 = Unicode Release|x64
		{95961CA0-05EC-4154-95BC-F6089273EFE7}.InternalRelease|x86.ActiveCfg = Release|Win32
		{95961CA0-05EC-4154-95BC-F6089273EFE7}.InternalRelease|x86.Build.0 = Release|Win32
		{95961CA0-05EC-4154-95BC-F6089273EFE7}.Release|ARM.ActiveCfg = Release|Win32
		{95961CA0-05EC-4154-95BC-F6089273EFE7}.Release|ARM64.ActiveCfg = Release|Win32
		{95961CA0-05EC-4154-95BC-F6089273EFE7}.Release|x64.ActiveCfg = Unicode Release|x64
		{95961CA0-05EC-4154-95BC-F6089273EFE7}.Release|x64.Build.0 = Unicode Release|x64
		{95961CA0-05EC-4154-95BC-F6089273EFE7}.Release|x86.ActiveCfg = Unicode Release|Win32
		{95961CA0-05EC-4154-95BC-F6089273EFE7}.Release|x86.Build.0 = Unicode Release|Win32
		{95961CA0-05EC-4154-95BC-F6089273EFE7}.Unicode Debug|ARM.ActiveCfg = Unicode Debug|Win32
		{95961CA0-05EC-4154-95BC-F6089273EFE7}.Unicode Debug|ARM64.ActiveCfg = Unicode Debug|Win32
		{95961CA0-05EC-4154-95BC-F6089273EFE7}.Unicode Debug|x64.ActiveCfg = Unicode Debug|x64
		{95961CA0-05EC-4154-95BC-F6089273EFE7}.Unicode Debug|x64.Build.0 = Unicode Debug|x64
		{95961CA0-05EC-4154-95BC-F6089273EFE7}.Unicode Debug|x86.ActiveCfg = Unicode Debug|Win32
		{95961CA0-05EC-4154-95BC-F6089273EFE7}.Unicode Debug|x86.Build.0 = Unicode Debug|Win32
		{95961CA0-05EC-4154-95BC-F6089273EFE7}.Unicode Release|ARM.ActiveCfg = Unicode Release|Win32
		{95961CA0-05EC-4154-95BC-F6089273EFE7}.Unicode Release|ARM64.ActiveCfg = Unicode Release|Win32
		{95961CA0-05EC-4154-95BC-F6089273EFE7}.Unicode Release|x64.ActiveCfg = Unicode Release|x64
		{95961CA0-05EC-4154-95BC-F6089273EFE7}.Unicode Release|x64.Build.0 = Unicode Release|x64
		{95961CA0-05EC-4154-95BC-F6089273EFE7}.Unicode Release|x86.ActiveCfg = Unicode Release|Win32
		{95961CA0-05EC-4154-95BC-F6089273EFE7}.Unicode Release|x86.Build.0 = Unicode Release|Win32
		{19852DB5-2648-4A7C-8B1E-0A3CAA230DBE}.Debug|ARM.ActiveCfg = Debug|Win32
		{19852DB5-2648-4A7C-8B1E-0A3CAA230DBE}.Debug|ARM64.ActiveCfg = Debug|Win32
		{19852DB5-2648-4A7C-8B1E-0A3CAA230DBE}.Debug|x64.ActiveCfg = Unicode Debug|x64
		{19852DB5-2648-4A7C-8B1E-0A3CAA230DBE}.Debug|x64.Build.0 = Unicode Debug|x64
		{19852DB5-2648-4A7C-8B1E-0A3CAA230DBE}.Debug|x86.ActiveCfg = Unicode Debug|Win32
		{19852DB5-2648-4A7C-8B1E-0A3CAA230DBE}.Debug|x86.Build.0 = Unicode Debug|Win32
		{19852DB5-2648-4A7C-8B1E-0A3CAA230DBE}.DebugOptimized|ARM.ActiveCfg = DebugOptimized|Win32
		{19852DB5-2648-4A7C-8B1E-0A3CAA230DBE}.DebugOptimized|ARM64.ActiveCfg = DebugOptimized|Win32
		{19852DB5-2648-4A7C-8B1E-0A3CAA230DBE}.DebugOptimized|x64.ActiveCfg = Unicode Debug|x64
		{19852DB5-2648-4A7C-8B1E-0A3CAA230DBE}.DebugOptimized|x64.Build.0 = Unicode Debug|x64
		{19852DB5-2648-4A7C-8B1E-0A3CAA230DBE}.DebugOptimized|x86.ActiveCfg = Unicode Debug|Win32
		{19852DB5-2648-4A7C-8B1E-0A3CAA230DBE}.DebugOptimized|x86.Build.0 = Unicode Debug|Win32
		{19852DB5-2648-4A7C-8B1E-0A3CAA230DBE}.InternalDebug|ARM.ActiveCfg = Release|x64
		{19852DB5-2648-4A7C-8B1E-0A3CAA230DBE}.InternalDebug|ARM.Build.0 = Release|x64
		{19852DB5-2648-4A7C-8B1E-0A3CAA230DBE}.InternalDebug|ARM64.ActiveCfg = Release|x64
		{19852DB5-2648-4A7C-8B1E-0A3CAA230DBE}.InternalDebug|ARM64.Build.0 = Release|x64
		{19852DB5-2648-4A7C-8B1E-0A3CAA230DBE}.InternalDebug|x64.ActiveCfg = Unicode Debug|x64
		{19852DB5-2648-4A7C-8B1E-0A3CAA230DBE}.InternalDebug|x64.Build.0 = Unicode Debug|x64
		{19852DB5-2648-4A7C-8B1E-0A3CAA230DBE}.InternalDebug|x86.ActiveCfg = Unicode Debug|Win32
		{19852DB5-2648-4A7C-8B1E-0A3CAA230DBE}.InternalDebug|x86.Build.0 = Unicode Debug|Win32
		{19852DB5-2648-4A7C-8B1E-0A3CAA230DBE}.InternalRelease|ARM.ActiveCfg = Release|x64
		{19852DB5-2648-4A7C-8B1E-0A3CAA230DBE}.InternalRelease|ARM.Build.0 = Release|x64
		{19852DB5-2648-4A7C-8B1E-0A3CAA230DBE}.InternalRelease|ARM64.ActiveCfg = Release|x64
		{19852DB5-2648-4A7C-8B1E-0A3CAA230DBE}.InternalRelease|ARM64.Build.0 = Release|x64
		{19852DB5-2648-4A7C-8B1E-0A3CAA230DBE}.InternalRelease|x64.ActiveCfg = Unicode Release|x64
		{19852DB5-2648-4A7C-8B1E-0A3CAA230DBE}.InternalRelease|x64.Build.0 = Unicode Release|x64
		{19852DB5-2648-4A7C-8B1E-0A3CAA230DBE}.InternalRelease|x86.ActiveCfg = Release|Win32
		{19852DB5-2648-4A7C-8B1E-0A3CAA230DBE}.InternalRelease|x86.Build.0 = Release|Win32
		{19852DB5-2648-4A7C-8B1E-0A3CAA230DBE}.Release|ARM.ActiveCfg = Release|Win32
		{19852DB5-2648-4A7C-8B1E-0A3CAA230DBE}.Release|ARM64.ActiveCfg = Release|Win32
		{19852DB5-2648-4A7C-8B1E-0A3CAA230DBE}.Release|x64.ActiveCfg = Unicode Release|x64
		{19852DB5-2648-4A7C-8B1E-0A3CAA230DBE}.Release|x64.Build.0 = Unicode Release|x64
		{19852DB5-2648-4A7C-8B1E-0A3CAA230DBE}.Release|x86.ActiveCfg = Unicode Release|Win32
		{19852DB5-2648-4A7C-8B1E-0A3CAA230DBE}.Release|x86.Build.0 = Unicode Release|Win32
		{19852DB5-2648-4A7C-8B1E-0A3CAA230DBE}.Unicode Debug|ARM.ActiveCfg = Unicode Debug|Win32
		{19852DB5-2648-4A7C-8B1E-0A3CAA230DBE}.Unicode Debug|ARM64.ActiveCfg = Unicode Debug|Win32
		{19852DB5-2648-4A7C-8B1E-0A3CAA230DBE}.Unicode Debug|x64.ActiveCfg = Unicode Debug|x64
		{19852DB5-2648-4A7C-8B1E-0A3CAA230DBE}.Unicode Debug|x64.Build.0 = Unicode Debug|x64
		{19852DB5-2648-4A7C-8B1E-0A3CAA230DBE}.Unicode Debug|x86.ActiveCfg = Unicode Debug|Win32
		{19852DB5-2648-4A7C-8B1E-0A3CAA230DBE}.Unicode Debug|x86.Build.0 = Unicode Debug|Win32
		{19852DB5-2648-4A7C-8B1E-0A3CAA230DBE}.Unicode Release|ARM.ActiveCfg = Unicode Release|Win32
		{19852DB5-2648-4A7C-8B1E-0A3CAA230DBE}.Unicode Release|ARM64.ActiveCfg = Unicode Release|Win32
		{19852DB5-2648-4A7C-8B1E-0A3CAA230DBE}.Unicode Release|x64.ActiveCfg = Unicode Release|x64
		{19852DB5-2648-4A7C-8B1E-0A3CAA230DBE}.Unicode Release|x64.Build.0 = Unicode Release|x64
		{19852DB5-2648-4A7C-8B1E-0A3CAA230DBE}.Unicode Release|x86.ActiveCfg = Unicode Release|Win32
		{19852DB5-2648-4A7C-8B1E-0A3CAA230DBE}.Unicode Release|x86.Build.0 = Unicode Release|Win32
		{B12702AD-ABFB-343A-A199-8E24837244A3}.Debug|ARM.ActiveCfg = Debug|Win32
		{B12702AD-ABFB-343A-A199-8E24837244A3}.Debug|ARM64.ActiveCfg = Debug|Win32
		{B12702AD-ABFB-343A-A199-8E24837244A3}.Debug|x64.ActiveCfg = Debug|Win32
		{B12702AD-ABFB-343A-A199-8E24837244A3}.Debug|x86.ActiveCfg = Debug|Win32
		{B12702AD-ABFB-343A-A199-8E24837244A3}.Debug|x86.Build.0 = Debug|Win32
		{B12702AD-ABFB-343A-A199-8E24837244A3}.DebugOptimized|ARM.ActiveCfg = Release|Win32
		{B12702AD-ABFB-343A-A199-8E24837244A3}.DebugOptimized|ARM.Build.0 = Release|Win32
		{B12702AD-ABFB-343A-A199-8E24837244A3}.DebugOptimized|ARM64.ActiveCfg = Release|Win32
		{B12702AD-ABFB-343A-A199-8E24837244A3}.DebugOptimized|ARM64.Build.0 = Release|Win32
		{B12702AD-ABFB-343A-A199-8E24837244A3}.DebugOptimized|x64.ActiveCfg = Release|Win32
		{B12702AD-ABFB-343A-A199-8E24837244A3}.DebugOptimized|x64.Build.0 = Release|Win32
		{B12702AD-ABFB-343A-A199-8E24837244A3}.DebugOptimized|x86.ActiveCfg = Debug|Win32
		{B12702AD-ABFB-343A-A199-8E24837244A3}.DebugOptimized|x86.Build.0 = Debug|Win32
		{B12702AD-ABFB-343A-A199-8E24837244A3}.InternalDebug|ARM.ActiveCfg = Release|Win32
		{B12702AD-ABFB-343A-A199-8E24837244A3}.InternalDebug|ARM.Build.0 = Release|Win32
		{B12702AD-ABFB-343A-A199-8E24837244A3}.InternalDebug|ARM64.ActiveCfg = Release|Win32
		{B12702AD-ABFB-343A-A199-8E24837244A3}.InternalDebug|ARM64.Build.0 = Release|Win32
		{B12702AD-ABFB-343A-A199-8E24837244A3}.InternalDebug|x64.ActiveCfg = Release|Win32
		{B12702AD-ABFB-343A-A199-8E24837244A3}.InternalDebug|x64.Build.0 = Release|Win32
		{B12702AD-ABFB-343A-A199-8E24837244A3}.InternalDebug|x86.ActiveCfg = Debug|Win32
		{B12702AD-ABFB-343A-A199-8E24837244A3}.InternalDebug|x86.Build.0 = Debug|Win32
		{B12702AD-ABFB-343A-A199-8E24837244A3}.InternalRelease|ARM.ActiveCfg = Release|Win32
		{B12702AD-ABFB-343A-A199-8E24837244A3}.InternalRelease|ARM.Build.0 = Release|Win32
		{B12702AD-ABFB-343A-A199-8E24837244A3}.InternalRelease|ARM64.ActiveCfg = Release|Win32
		{B12702AD-ABFB-343A-A199-8E24837244A3}.InternalRelease|ARM64.Build.0 = Release|Win32
		{B12702AD-ABFB-343A-A199-8E24837244A3}.InternalRelease|x64.ActiveCfg = Release|Win32
		{B12702AD-ABFB-343A-A199-8E24837244A3}.InternalRelease|x64.Build.0 = Release|Win32
		{B12702AD-ABFB-343A-A199-8E24837244A3}.InternalRelease|x86.ActiveCfg = Release|Win32
		{B12702AD-ABFB-343A-A199-8E24837244A3}.InternalRelease|x86.Build.0 = Release|Win32
		{B12702AD-ABFB-343A-A199-8E24837244A3}.Release|ARM.ActiveCfg = Release|Win32
		{B12702AD-ABFB-343A-A199-8E24837244A3}.Release|ARM64.ActiveCfg = Release|Win32
		{B12702AD-ABFB-343A-A199-8E24837244A3}.Release|x64.ActiveCfg = Release|Win32
		{B12702AD-ABFB-343A-A199-8E24837244A3}.Release|x86.ActiveCfg = Release|Win32
		{B12702AD-ABFB-343A-A199-8E24837244A3}.Release|x86.Build.0 = Release|Win32
		{B12702AD-ABFB-343A-A199-8E24837244A3}.Unicode Debug|ARM.ActiveCfg = Release|Win32
		{B12702AD-ABFB-343A-A199-8E24837244A3}.Unicode Debug|ARM.Build.0 = Release|Win32
		{B12702AD-ABFB-343A-A199-8E24837244A3}.Unicode Debug|ARM64.ActiveCfg = Release|Win32
		{B12702AD-ABFB-343A-A199-8E24837244A3}.Unicode Debug|ARM64.Build.0 = Release|Win32
		{B12702AD-ABFB-343A-A199-8E24837244A3}.Unicode Debug|x64.ActiveCfg = Release|Win32
		{B12702AD-ABFB-343A-A199-8E24837244A3}.Unicode Debug|x64.Build.0 = Release|Win32
		{B12702AD-ABFB-343A-A199-8E24837244A3}.Unicode Debug|x86.ActiveCfg = Debug|Win32
		{B12702AD-ABFB-343A-A199-8E24837244A3}.Unicode Debug|x86.Build.0 = Debug|Win32
		{B12702AD-ABFB-343A-A199-8E24837244A3}.Unicode Release|ARM.ActiveCfg = Release|Win32
		{B12702AD-ABFB-343A-A199-8E24837244A3}.Unicode Release|ARM.Build.0 = Release|Win32
		{B12702AD-ABFB-343A-A199-8E24837244A3}.Unicode Release|ARM64.ActiveCfg = Release|Win32
		{B12702AD-ABFB-343A-A199-8E24837244A3}.Unicode Release|ARM64.Build.0 = Release|Win32
		{B12702AD-ABFB-343A-A199-8E24837244A3}.Unicode Release|x64.ActiveCfg = Release|Win32
		{B12702AD-ABFB-343A-A199-8E24837244A3}.Unicode Release|x64.Build.0 = Release|Win32
		{B12702AD-ABFB-343A-A199-8E24837244A3}.Unicode Release|x86.ActiveCfg = Release|Win32
		{B12702AD-ABFB-343A-A199-8E24837244A3}.Unicode Release|x86.Build.0 = Release|Win32
		{8D7EE430-72BD-4A1D-B300-1A210819FBB0}.Debug|ARM.ActiveCfg = Debug|Win32
		{8D7EE430-72BD-4A1D-B300-1A210819FBB0}.Debug|ARM64.ActiveCfg = Debug|Win32
		{8D7EE430-72BD-4A1D-B300-1A210819FBB0}.Debug|x64.ActiveCfg = Debug|x64
		{8D7EE430-72BD-4A1D-B300-1A210819FBB0}.Debug|x64.Build.0 = Debug|x64
		{8D7EE430-72BD-4A1D-B300-1A210819FBB0}.Debug|x86.ActiveCfg = Debug|Win32
		{8D7EE430-72BD-4A1D-B300-1A210819FBB0}.Debug|x86.Build.0 = Debug|Win32
		{8D7EE430-72BD-4A1D-B300-1A210819FBB0}.DebugOptimized|ARM.ActiveCfg = Release|Win32
		{8D7EE430-72BD-4A1D-B300-1A210819FBB0}.DebugOptimized|ARM.Build.0 = Release|Win32
		{8D7EE430-72BD-4A1D-B300-1A210819FBB0}.DebugOptimized|ARM64.ActiveCfg = Release|Win32
		{8D7EE430-72BD-4A1D-B300-1A210819FBB0}.DebugOptimized|ARM64.Build.0 = Release|Win32
		{8D7EE430-72BD-4A1D-B300-1A210819FBB0}.DebugOptimized|x64.ActiveCfg = Debug|x64
		{8D7EE430-72BD-4A1D-B300-1A210819FBB0}.DebugOptimized|x64.Build.0 = Debug|x64
		{8D7EE430-72BD-4A1D-B300-1A210819FBB0}.DebugOptimized|x86.ActiveCfg = Debug|Win32
		{8D7EE430-72BD-4A1D-B300-1A210819FBB0}.DebugOptimized|x86.Build.0 = Debug|Win32
		{8D7EE430-72BD-4A1D-B300-1A210819FBB0}.InternalDebug|ARM.ActiveCfg = Release|Win32
		{8D7EE430-72BD-4A1D-B300-1A210819FBB0}.InternalDebug|ARM.Build.0 = Release|Win32
		{8D7EE430-72BD-4A1D-B300-1A210819FBB0}.InternalDebug|ARM64.ActiveCfg = Release|Win32
		{8D7EE430-72BD-4A1D-B300-1A210819FBB0}.InternalDebug|ARM64.Build.0 = Release|Win32
		{8D7EE430-72BD-4A1D-B300-1A210819FBB0}.InternalDebug|x64.ActiveCfg = Debug|x64
		{8D7EE430-72BD-4A1D-B300-1A210819FBB0}.InternalDebug|x64.Build.0 = Debug|x64
		{8D7EE430-72BD-4A1D-B300-1A210819FBB0}.InternalDebug|x86.ActiveCfg = Debug|Win32
		{8D7EE430-72BD-4A1D-B300-1A210819FBB0}.InternalDebug|x86.Build.0 = Debug|Win32
		{8D7EE430-72BD-4A1D-B300-1A210819FBB0}.InternalRelease|ARM.ActiveCfg = Release|Win32
		{8D7EE430-72BD-4A1D-B300-1A210819FBB0}.InternalRelease|ARM.Build.0 = Release|Win32
		{8D7EE430-72BD-4A1D-B300-1A210819FBB0}.InternalRelease|ARM64.ActiveCfg = Release|Win32
		{8D7EE430-72BD-4A1D-B300-1A210819FBB0}.InternalRelease|ARM64.Build.0 = Release|Win32
		{8D7EE430-72BD-4A1D-B300-1A210819FBB0}.InternalRelease|x64.ActiveCfg = Release|x64
		{8D7EE430-72BD-4A1D-B300-1A210819FBB0}.InternalRelease|x64.Build.0 = Release|x64
		{8D7EE430-72BD-4A1D-B300-1A210819FBB0}.InternalRelease|x86.ActiveCfg = Release|Win32
		{8D7EE430-72BD-4A1D-B300-1A210819FBB0}.InternalRelease|x86.Build.0 = Release|Win32
		{8D7EE430-72BD-4A1D-B300-1A210819FBB0}.Release|ARM.ActiveCfg = Release|Win32
		{8D7EE430-72BD-4A1D-B300-1A210819FBB0}.Release|ARM64.ActiveCfg = Release|Win32
		{8D7EE430-72BD-4A1D-B300-1A210819FBB0}.Release|x64.ActiveCfg = Release|x64
		{8D7EE430-72BD-4A1D-B300-1A210819FBB0}.Release|x64.Build.0 = Release|x64
		{8D7EE430-72BD-4A1D-B300-1A210819FBB0}.Release|x86.ActiveCfg = Release|Win32
		{8D7EE430-72BD-4A1D-B300-1A210819FBB0}.Release|x86.Build.0 = Release|Win32
		{8D7EE430-72BD-4A1D-B300-1A210819FBB0}.Unicode Debug|ARM.ActiveCfg = Release|Win32
		{8D7EE430-72BD-4A1D-B300-1A210819FBB0}.Unicode Debug|ARM.Build.0 = Release|Win32
		{8D7EE430-72BD-4A1D-B300-1A210819FBB0}.Unicode Debug|ARM64.ActiveCfg = Release|Win32
		{8D7EE430-72BD-4A1D-B300-1A210819FBB0}.Unicode Debug|ARM64.Build.0 = Release|Win32
		{8D7EE430-72BD-4A1D-B300-1A210819FBB0}.Unicode Debug|x64.ActiveCfg = Debug|x64
		{8D7EE430-72BD-4A1D-B300-1A210819FBB0}.Unicode Debug|x64.Build.0 = Debug|x64
		{8D7EE430-72BD-4A1D-B300-1A210819FBB0}.Unicode Debug|x86.ActiveCfg = Debug|Win32
		{8D7EE430-72BD-4A1D-B300-1A210819FBB0}.Unicode Debug|x86.Build.0 = Debug|Win32
		{8D7EE430-72BD-4A1D-B300-1A210819FBB0}.Unicode Release|ARM.ActiveCfg = Release|Win32
		{8D7EE430-72BD-4A1D-B300-1A210819FBB0}.Unicode Release|ARM.Build.0 = Release|Win32
		{8D7EE430-72BD-4A1D-B300-1A210819FBB0}.Unicode Release|ARM64.ActiveCfg = Release|Win32
		{8D7EE430-72BD-4A1D-B300-1A210819FBB0}.Unicode Release|ARM64.Build.0 = Release|Win32
		{8D7EE430-72BD-4A1D-B300-1A210819FBB0}.Unicode Release|x64.ActiveCfg = Release|x64
		{8D7EE430-72BD-4A1D-B300-1A210819FBB0}.Unicode Release|x64.Build.0 = Release|x64
		{8D7EE430-72BD-4A1D-B300-1A210819FBB0}.Unicode Release|x86.ActiveCfg = Release|Win32
		{8D7EE430-72BD-4A1D-B300-1A210819FBB0}.Unicode Release|x86.Build.0 = Release|Win32
		{9DC12B0D-9636-416A-B758-97871750CF72}.Debug|ARM.ActiveCfg = Debug|Win32
		{9DC12B0D-9636-416A-B758-97871750CF72}.Debug|ARM64.ActiveCfg = Debug|Win32
		{9DC12B0D-9636-416A-B758-97871750CF72}.Debug|x64.ActiveCfg = Debug|x64
		{9DC12B0D-9636-416A-B758-97871750CF72}.Debug|x64.Build.0 = Debug|x64
		{9DC12B0D-9636-416A-B758-97871750CF72}.Debug|x86.ActiveCfg = Debug|Win32
		{9DC12B0D-9636-416A-B758-97871750CF72}.Debug|x86.Build.0 = Debug|Win32
		{9DC12B0D-9636-416A-B758-97871750CF72}.DebugOptimized|ARM.ActiveCfg = Release|x64
		{9DC12B0D-9636-416A-B758-97871750CF72}.DebugOptimized|ARM.Build.0 = Release|x64
		{9DC12B0D-9636-416A-B758-97871750CF72}.DebugOptimized|ARM64.ActiveCfg = Release|x64
		{9DC12B0D-9636-416A-B758-97871750CF72}.DebugOptimized|ARM64.Build.0 = Release|x64
		{9DC12B0D-9636-416A-B758-97871750CF72}.DebugOptimized|x64.ActiveCfg = Debug|x64
		{9DC12B0D-9636-416A-B758-97871750CF72}.DebugOptimized|x64.Build.0 = Debug|x64
		{9DC12B0D-9636-416A-B758-97871750CF72}.DebugOptimized|x86.ActiveCfg = Debug|Win32
		{9DC12B0D-9636-416A-B758-97871750CF72}.DebugOptimized|x86.Build.0 = Debug|Win32
		{9DC12B0D-9636-416A-B758-97871750CF72}.InternalDebug|ARM.ActiveCfg = Release|x64
		{9DC12B0D-9636-416A-B758-97871750CF72}.InternalDebug|ARM.Build.0 = Release|x64
		{9DC12B0D-9636-416A-B758-97871750CF72}.InternalDebug|ARM64.ActiveCfg = Release|x64
		{9DC12B0D-9636-416A-B758-97871750CF72}.InternalDebug|ARM64.Build.0 = Release|x64
		{9DC12B0D-9636-416A-B758-97871750CF72}.InternalDebug|x64.ActiveCfg = Debug|x64
		{9DC12B0D-9636-416A-B758-97871750CF72}.InternalDebug|x64.Build.0 = Debug|x64
		{9DC12B0D-9636-416A-B758-97871750CF72}.InternalDebug|x86.ActiveCfg = Debug|Win32
		{9DC12B0D-9636-416A-B758-97871750CF72}.InternalDebug|x86.Build.0 = Debug|Win32
		{9DC12B0D-9636-416A-B758-97871750CF72}.InternalRelease|ARM.ActiveCfg = Release|x64
		{9DC12B0D-9636-416A-B758-97871750CF72}.InternalRelease|ARM.Build.0 = Release|x64
		{9DC12B0D-9636-416A-B758-97871750CF72}.InternalRelease|ARM64.ActiveCfg = Release|x64
		{9DC12B0D-9636-416A-B758-97871750CF72}.InternalRelease|ARM64.Build.0 = Release|x64
		{9DC12B0D-9636-416A-B758-97871750CF72}.InternalRelease|x64.ActiveCfg = Release|x64
		{9DC12B0D-9636-416A-B758-97871750CF72}.InternalRelease|x64.Build.0 = Release|x64
		{9DC12B0D-9636-416A-B758-97871750CF72}.InternalRelease|x86.ActiveCfg = Release|Win32
		{9DC12B0D-9636-416A-B758-97871750CF72}.InternalRelease|x86.Build.0 = Release|Win32
		{9DC12B0D-9636-416A-B758-97871750CF72}.Release|ARM.ActiveCfg = Release|Win32
		{9DC12B0D-9636-416A-B758-97871750CF72}.Release|ARM64.ActiveCfg = Release|Win32
		{9DC12B0D-9636-416A-B758-97871750CF72}.Release|x64.ActiveCfg = Release|x64
		{9DC12B0D-9636-416A-B758-97871750CF72}.Release|x64.Build.0 = Release|x64
		{9DC12B0D-9636-416A-B758-97871750CF72}.Release|x86.ActiveCfg = Release|Win32
		{9DC12B0D-9636-416A-B758-97871750CF72}.Release|x86.Build.0 = Release|Win32
		{9DC12B0D-9636-416A-B758-97871750CF72}.Unicode Debug|ARM.ActiveCfg = Release|x64
		{9DC12B0D-9636-416A-B758-97871750CF72}.Unicode Debug|ARM.Build.0 = Release|x64
		{9DC12B0D-9636-416A-B758-97871750CF72}.Unicode Debug|ARM64.ActiveCfg = Release|x64
		{9DC12B0D-9636-416A-B758-97871750CF72}.Unicode Debug|ARM64.Build.0 = Release|x64
		{9DC12B0D-9636-416A-B758-97871750CF72}.Unicode Debug|x64.ActiveCfg = Debug|x64
		{9DC12B0D-9636-416A-B758-97871750CF72}.Unicode Debug|x64.Build.0 = Debug|x64
		{9DC12B0D-9636-416A-B758-97871750CF72}.Unicode Debug|x86.ActiveCfg = Debug|Win32
		{9DC12B0D-9636-416A-B758-97871750CF72}.Unicode Debug|x86.Build.0 = Debug|Win32
		{9DC12B0D-9636-416A-B758-97871750CF72}.Unicode Release|ARM.ActiveCfg = Release|x64
		{9DC12B0D-9636-416A-B758-97871750CF72}.Unicode Release|ARM.Build.0 = Release|x64
		{9DC12B0D-9636-416A-B758-97871750CF72}.Unicode Release|ARM64.ActiveCfg = Release|x64
		{9DC12B0D-9636-416A-B758-97871750CF72}.Unicode Release|ARM64.Build.0 = Release|x64
		{9DC12B0D-9636-416A-B758-97871750CF72}.Unicode Release|x64.ActiveCfg = Release|x64
		{9DC12B0D-9636-416A-B758-97871750CF72}.Unicode Release|x64.Build.0 = Release|x64
		{9DC12B0D-9636-416A-B758-97871750CF72}.Unicode Release|x86.ActiveCfg = Release|Win32
		{9DC12B0D-9636-416A-B758-97871750CF72}.Unicode Release|x86.Build.0 = Release|Win32
	EndGlobalSection
	GlobalSection(SolutionProperties) = preSolution
		HideSolutionNode = FALSE
	EndGlobalSection
	GlobalSection(NestedProjects) = preSolution
		{56BC197E-3FD3-4101-96AC-8AAF8CFC6338} = {E8B5C49C-AE26-426B-96E6-5FBF4F53EDE1}
		{18EA776C-B85E-4523-95C0-B2E1828C4764} = {E5CC1EFA-EC81-4B6E-99BB-088A8B90AC25}
		{44CB076C-52AC-4737-934A-63AAC111C5EE} = {E8B5C49C-AE26-426B-96E6-5FBF4F53EDE1}
		{CAA9E641-9948-44C1-973E-4E0B291E9680} = {E8B5C49C-AE26-426B-96E6-5FBF4F53EDE1}
		{D3C2F055-2F75-4EDA-8813-CF9F7F873890} = {E8B5C49C-AE26-426B-96E6-5FBF4F53EDE1}
		{063E1FC0-110E-4806-9A8A-82845C9A0EE4} = {56BC197E-3FD3-4101-96AC-8AAF8CFC6338}
		{196FC0EC-EAE9-45EA-899C-17A7F3F229CE} = {56BC197E-3FD3-4101-96AC-8AAF8CFC6338}
		{DA6A5601-1370-40CB-A98F-87FF729DC35B} = {B7F96597-0882-4B12-A37E-AD4AC0054E37}
		{6D0D5590-0B1F-450B-AC50-5EE91A186262} = {3F358E68-EC00-4F49-8CD7-DE87B440DFB9}
		{09C78D98-A0A0-4400-8F65-CC08A8259A48} = {3F358E68-EC00-4F49-8CD7-DE87B440DFB9}
		{95662FD9-D521-4488-A9E8-674F3E79F19D} = {3F358E68-EC00-4F49-8CD7-DE87B440DFB9}
		{B7F96597-0882-4B12-A37E-AD4AC0054E37} = {95662FD9-D521-4488-A9E8-674F3E79F19D}
		{E5CC1EFA-EC81-4B6E-99BB-088A8B90AC25} = {3F358E68-EC00-4F49-8CD7-DE87B440DFB9}
		{05154A89-A442-4BF0-9609-1EF2B52C6AF4} = {9039C4EB-0F63-4371-BF82-F4F4AC302270}
		{18737621-1CD6-4F11-8C2B-58DFD71F3D39} = {5E393F9D-26CE-47B2-A734-90C2B8F6AB11}
		{5AE2E11C-2693-4359-BF3B-FD1932B2E172} = {18737621-1CD6-4F11-8C2B-58DFD71F3D39}
		{8D29EF52-20B9-4EC9-942D-3114911E853C} = {3F358E68-EC00-4F49-8CD7-DE87B440DFB9}
		{3D5521AF-2D49-4267-89C4-B28550497F19} = {8D29EF52-20B9-4EC9-942D-3114911E853C}
		{74937FE5-1D5C-46B1-B1CC-3F02F7A6FA03} = {E4541DD4-805E-4290-A1DD-58AAE386AFAD}
		{8267645A-3FB4-4DB8-BA05-10E3E9E39DC5} = {5E393F9D-26CE-47B2-A734-90C2B8F6AB11}
		{17BBD175-2483-4A29-A13D-9256C552BA8C} = {8267645A-3FB4-4DB8-BA05-10E3E9E39DC5}
		{95961CA0-05EC-4154-95BC-F6089273EFE7} = {6D0D5590-0B1F-450B-AC50-5EE91A186262}
		{19852DB5-2648-4A7C-8B1E-0A3CAA230DBE} = {09C78D98-A0A0-4400-8F65-CC08A8259A48}
		{E4541DD4-805E-4290-A1DD-58AAE386AFAD} = {3F358E68-EC00-4F49-8CD7-DE87B440DFB9}
		{5C360793-459F-4A99-AE85-2D5DC49695DA} = {063E1FC0-110E-4806-9A8A-82845C9A0EE4}
		{B12702AD-ABFB-343A-A199-8E24837244A3} = {9039C4EB-0F63-4371-BF82-F4F4AC302270}
		{8D7EE430-72BD-4A1D-B300-1A210819FBB0} = {8267645A-3FB4-4DB8-BA05-10E3E9E39DC5}
		{A8635ED7-AD85-4223-8F02-19A1EBC97F6C} = {9039C4EB-0F63-4371-BF82-F4F4AC302270}
		{F18951F3-F087-4D65-9AC2-055FFDB6CDED} = {3F358E68-EC00-4F49-8CD7-DE87B440DFB9}
		{9DC12B0D-9636-416A-B758-97871750CF72} = {F18951F3-F087-4D65-9AC2-055FFDB6CDED}
	EndGlobalSection
	GlobalSection(ExtensibilityGlobals) = postSolution
		SolutionGuid = {0FAA5F90-6CA6-42D3-AF6C-23D18ED665BF}
	EndGlobalSection
	GlobalSection(Performance) = preSolution
		HasPerformanceSessions = true
	EndGlobalSection
EndGlobal
